// !$*UTF8*$!
{
	archiveVersion = 1;
	classes = {
	};
	objectVersion = 46;
	objects = {

/* Begin PBXBuildFile section */
		9568E5101C8C4A63007B5CC8 /* main.m in Sources */ = {isa = PBXBuildFile; fileRef = 9568E50F1C8C4A63007B5CC8 /* main.m */; };
		9568E5131C8C4A63007B5CC8 /* AppDelegate.m in Sources */ = {isa = PBXBuildFile; fileRef = 9568E5121C8C4A63007B5CC8 /* AppDelegate.m */; };
		9568E5161C8C4A63007B5CC8 /* ViewController.m in Sources */ = {isa = PBXBuildFile; fileRef = 9568E5151C8C4A63007B5CC8 /* ViewController.m */; };
		9568E5191C8C4A63007B5CC8 /* Main.storyboard in Resources */ = {isa = PBXBuildFile; fileRef = 9568E5171C8C4A63007B5CC8 /* Main.storyboard */; };
		9568E51B1C8C4A63007B5CC8 /* Assets.xcassets in Resources */ = {isa = PBXBuildFile; fileRef = 9568E51A1C8C4A63007B5CC8 /* Assets.xcassets */; };
		9568E51E1C8C4A63007B5CC8 /* LaunchScreen.storyboard in Resources */ = {isa = PBXBuildFile; fileRef = 9568E51C1C8C4A63007B5CC8 /* LaunchScreen.storyboard */; };
		9568E5291C8C4A63007B5CC8 /* CLSortSelectViewTests.m in Sources */ = {isa = PBXBuildFile; fileRef = 9568E5281C8C4A63007B5CC8 /* CLSortSelectViewTests.m */; };
		9568E5341C8C4A63007B5CC8 /* CLSortSelectViewUITests.m in Sources */ = {isa = PBXBuildFile; fileRef = 9568E5331C8C4A63007B5CC8 /* CLSortSelectViewUITests.m */; };
		95EC8DFD1C8C5C650071FF23 /* CLMainSelectedView.m in Sources */ = {isa = PBXBuildFile; fileRef = 95EC8DF71C8C5C650071FF23 /* CLMainSelectedView.m */; };
		95EC8DFE1C8C5C650071FF23 /* CLMainSelectedView.xib in Resources */ = {isa = PBXBuildFile; fileRef = 95EC8DF81C8C5C650071FF23 /* CLMainSelectedView.xib */; };
		95EC8DFF1C8C5C650071FF23 /* CLMenuSubView.m in Sources */ = {isa = PBXBuildFile; fileRef = 95EC8DFA1C8C5C650071FF23 /* CLMenuSubView.m */; };
		95EC8E001C8C5C650071FF23 /* CLMenuSubView.xib in Resources */ = {isa = PBXBuildFile; fileRef = 95EC8DFB1C8C5C650071FF23 /* CLMenuSubView.xib */; };
		95EC8E011C8C5C650071FF23 /* CLSortView.bundle in Resources */ = {isa = PBXBuildFile; fileRef = 95EC8DFC1C8C5C650071FF23 /* CLSortView.bundle */; };
/* End PBXBuildFile section */

/* Begin PBXContainerItemProxy section */
		9568E5251C8C4A63007B5CC8 /* PBXContainerItemProxy */ = {
			isa = PBXContainerItemProxy;
			containerPortal = 9568E5031C8C4A63007B5CC8 /* Project object */;
			proxyType = 1;
			remoteGlobalIDString = 9568E50A1C8C4A63007B5CC8;
			remoteInfo = CLSortSelectView;
		};
		9568E5301C8C4A63007B5CC8 /* PBXContainerItemProxy */ = {
			isa = PBXContainerItemProxy;
			containerPortal = 9568E5031C8C4A63007B5CC8 /* Project object */;
			proxyType = 1;
			remoteGlobalIDString = 9568E50A1C8C4A63007B5CC8;
			remoteInfo = CLSortSelectView;
		};
/* End PBXContainerItemProxy section */

/* Begin PBXFileReference section */
		9568E50B1C8C4A63007B5CC8 /* CLSortSelectView.app */ = {isa = PBXFileReference; explicitFileType = wrapper.application; includeInIndex = 0; path = CLSortSelectView.app; sourceTree = BUILT_PRODUCTS_DIR; };
		9568E50F1C8C4A63007B5CC8 /* main.m */ = {isa = PBXFileReference; lastKnownFileType = sourcecode.c.objc; path = main.m; sourceTree = "<group>"; };
		9568E5111C8C4A63007B5CC8 /* AppDelegate.h */ = {isa = PBXFileReference; lastKnownFileType = sourcecode.c.h; path = AppDelegate.h; sourceTree = "<group>"; };
		9568E5121C8C4A63007B5CC8 /* AppDelegate.m */ = {isa = PBXFileReference; lastKnownFileType = sourcecode.c.objc; path = AppDelegate.m; sourceTree = "<group>"; };
		9568E5141C8C4A63007B5CC8 /* ViewController.h */ = {isa = PBXFileReference; lastKnownFileType = sourcecode.c.h; path = ViewController.h; sourceTree = "<group>"; };
		9568E5151C8C4A63007B5CC8 /* ViewController.m */ = {isa = PBXFileReference; lastKnownFileType = sourcecode.c.objc; path = ViewController.m; sourceTree = "<group>"; };
		9568E5181C8C4A63007B5CC8 /* Base */ = {isa = PBXFileReference; lastKnownFileType = file.storyboard; name = Base; path = Base.lproj/Main.storyboard; sourceTree = "<group>"; };
		9568E51A1C8C4A63007B5CC8 /* Assets.xcassets */ = {isa = PBXFileReference; lastKnownFileType = folder.assetcatalog; path = Assets.xcassets; sourceTree = "<group>"; };
		9568E51D1C8C4A63007B5CC8 /* Base */ = {isa = PBXFileReference; lastKnownFileType = file.storyboard; name = Base; path = Base.lproj/LaunchScreen.storyboard; sourceTree = "<group>"; };
		9568E51F1C8C4A63007B5CC8 /* Info.plist */ = {isa = PBXFileReference; lastKnownFileType = text.plist.xml; path = Info.plist; sourceTree = "<group>"; };
		9568E5241C8C4A63007B5CC8 /* CLSortSelectViewTests.xctest */ = {isa = PBXFileReference; explicitFileType = wrapper.cfbundle; includeInIndex = 0; path = CLSortSelectViewTests.xctest; sourceTree = BUILT_PRODUCTS_DIR; };
		9568E5281C8C4A63007B5CC8 /* CLSortSelectViewTests.m */ = {isa = PBXFileReference; lastKnownFileType = sourcecode.c.objc; path = CLSortSelectViewTests.m; sourceTree = "<group>"; };
		9568E52A1C8C4A63007B5CC8 /* Info.plist */ = {isa = PBXFileReference; lastKnownFileType = text.plist.xml; path = Info.plist; sourceTree = "<group>"; };
		9568E52F1C8C4A63007B5CC8 /* CLSortSelectViewUITests.xctest */ = {isa = PBXFileReference; explicitFileType = wrapper.cfbundle; includeInIndex = 0; path = CLSortSelectViewUITests.xctest; sourceTree = BUILT_PRODUCTS_DIR; };
		9568E5331C8C4A63007B5CC8 /* CLSortSelectViewUITests.m */ = {isa = PBXFileReference; lastKnownFileType = sourcecode.c.objc; path = CLSortSelectViewUITests.m; sourceTree = "<group>"; };
		9568E5351C8C4A63007B5CC8 /* Info.plist */ = {isa = PBXFileReference; lastKnownFileType = text.plist.xml; path = Info.plist; sourceTree = "<group>"; };
		95EC8DF61C8C5C650071FF23 /* CLMainSelectedView.h */ = {isa = PBXFileReference; fileEncoding = 4; lastKnownFileType = sourcecode.c.h; path = CLMainSelectedView.h; sourceTree = "<group>"; };
		95EC8DF71C8C5C650071FF23 /* CLMainSelectedView.m */ = {isa = PBXFileReference; fileEncoding = 4; lastKnownFileType = sourcecode.c.objc; path = CLMainSelectedView.m; sourceTree = "<group>"; };
		95EC8DF81C8C5C650071FF23 /* CLMainSelectedView.xib */ = {isa = PBXFileReference; fileEncoding = 4; lastKnownFileType = file.xib; path = CLMainSelectedView.xib; sourceTree = "<group>"; };
		95EC8DF91C8C5C650071FF23 /* CLMenuSubVIew.h */ = {isa = PBXFileReference; fileEncoding = 4; lastKnownFileType = sourcecode.c.h; path = CLMenuSubVIew.h; sourceTree = "<group>"; };
		95EC8DFA1C8C5C650071FF23 /* CLMenuSubView.m */ = {isa = PBXFileReference; fileEncoding = 4; lastKnownFileType = sourcecode.c.objc; path = CLMenuSubView.m; sourceTree = "<group>"; };
		95EC8DFB1C8C5C650071FF23 /* CLMenuSubView.xib */ = {isa = PBXFileReference; fileEncoding = 4; lastKnownFileType = file.xib; path = CLMenuSubView.xib; sourceTree = "<group>"; };
		95EC8DFC1C8C5C650071FF23 /* CLSortView.bundle */ = {isa = PBXFileReference; lastKnownFileType = "wrapper.plug-in"; path = CLSortView.bundle; sourceTree = "<group>"; };
/* End PBXFileReference section */

/* Begin PBXFrameworksBuildPhase section */
		9568E5081C8C4A63007B5CC8 /* Frameworks */ = {
			isa = PBXFrameworksBuildPhase;
			buildActionMask = 2147483647;
			files = (
			);
			runOnlyForDeploymentPostprocessing = 0;
		};
		9568E5211C8C4A63007B5CC8 /* Frameworks */ = {
			isa = PBXFrameworksBuildPhase;
			buildActionMask = 2147483647;
			files = (
			);
			runOnlyForDeploymentPostprocessing = 0;
		};
		9568E52C1C8C4A63007B5CC8 /* Frameworks */ = {
			isa = PBXFrameworksBuildPhase;
			buildActionMask = 2147483647;
			files = (
			);
			runOnlyForDeploymentPostprocessing = 0;
		};
/* End PBXFrameworksBuildPhase section */

/* Begin PBXGroup section */
		9568E5021C8C4A63007B5CC8 = {
			isa = PBXGroup;
			children = (
				9568E50D1C8C4A63007B5CC8 /* CLSortSelectView */,
				9568E5271C8C4A63007B5CC8 /* CLSortSelectViewTests */,
				9568E5321C8C4A63007B5CC8 /* CLSortSelectViewUITests */,
				9568E50C1C8C4A63007B5CC8 /* Products */,
			);
			sourceTree = "<group>";
		};
		9568E50C1C8C4A63007B5CC8 /* Products */ = {
			isa = PBXGroup;
			children = (
				9568E50B1C8C4A63007B5CC8 /* CLSortSelectView.app */,
				9568E5241C8C4A63007B5CC8 /* CLSortSelectViewTests.xctest */,
				9568E52F1C8C4A63007B5CC8 /* CLSortSelectViewUITests.xctest */,
			);
			name = Products;
			sourceTree = "<group>";
		};
		9568E50D1C8C4A63007B5CC8 /* CLSortSelectView */ = {
			isa = PBXGroup;
			children = (
				95EC8DF51C8C5C650071FF23 /* CLSortView */,
				9568E5111C8C4A63007B5CC8 /* AppDelegate.h */,
				9568E5121C8C4A63007B5CC8 /* AppDelegate.m */,
				9568E5141C8C4A63007B5CC8 /* ViewController.h */,
				9568E5151C8C4A63007B5CC8 /* ViewController.m */,
				9568E5171C8C4A63007B5CC8 /* Main.storyboard */,
				9568E51A1C8C4A63007B5CC8 /* Assets.xcassets */,
				9568E51C1C8C4A63007B5CC8 /* LaunchScreen.storyboard */,
				9568E51F1C8C4A63007B5CC8 /* Info.plist */,
				9568E50E1C8C4A63007B5CC8 /* Supporting Files */,
			);
			path = CLSortSelectView;
			sourceTree = "<group>";
		};
		9568E50E1C8C4A63007B5CC8 /* Supporting Files */ = {
			isa = PBXGroup;
			children = (
				9568E50F1C8C4A63007B5CC8 /* main.m */,
			);
			name = "Supporting Files";
			sourceTree = "<group>";
		};
		9568E5271C8C4A63007B5CC8 /* CLSortSelectViewTests */ = {
			isa = PBXGroup;
			children = (
				9568E5281C8C4A63007B5CC8 /* CLSortSelectViewTests.m */,
				9568E52A1C8C4A63007B5CC8 /* Info.plist */,
			);
			path = CLSortSelectViewTests;
			sourceTree = "<group>";
		};
		9568E5321C8C4A63007B5CC8 /* CLSortSelectViewUITests */ = {
			isa = PBXGroup;
			children = (
				9568E5331C8C4A63007B5CC8 /* CLSortSelectViewUITests.m */,
				9568E5351C8C4A63007B5CC8 /* Info.plist */,
			);
			path = CLSortSelectViewUITests;
			sourceTree = "<group>";
		};
		95EC8DF51C8C5C650071FF23 /* CLSortView */ = {
			isa = PBXGroup;
			children = (
				95EC8DF61C8C5C650071FF23 /* CLMainSelectedView.h */,
				95EC8DF71C8C5C650071FF23 /* CLMainSelectedView.m */,
				95EC8DF81C8C5C650071FF23 /* CLMainSelectedView.xib */,
				95EC8DF91C8C5C650071FF23 /* CLMenuSubVIew.h */,
				95EC8DFA1C8C5C650071FF23 /* CLMenuSubView.m */,
				95EC8DFB1C8C5C650071FF23 /* CLMenuSubView.xib */,
				95EC8DFC1C8C5C650071FF23 /* CLSortView.bundle */,
			);
			name = CLSortView;
			path = ../../CLSortView;
			sourceTree = "<group>";
		};
/* End PBXGroup section */

/* Begin PBXNativeTarget section */
		9568E50A1C8C4A63007B5CC8 /* CLSortSelectView */ = {
			isa = PBXNativeTarget;
			buildConfigurationList = 9568E5381C8C4A63007B5CC8 /* Build configuration list for PBXNativeTarget "CLSortSelectView" */;
			buildPhases = (
				9568E5071C8C4A63007B5CC8 /* Sources */,
				9568E5081C8C4A63007B5CC8 /* Frameworks */,
				9568E5091C8C4A63007B5CC8 /* Resources */,
			);
			buildRules = (
			);
			dependencies = (
			);
			name = CLSortSelectView;
			productName = CLSortSelectView;
			productReference = 9568E50B1C8C4A63007B5CC8 /* CLSortSelectView.app */;
			productType = "com.apple.product-type.application";
		};
		9568E5231C8C4A63007B5CC8 /* CLSortSelectViewTests */ = {
			isa = PBXNativeTarget;
			buildConfigurationList = 9568E53B1C8C4A63007B5CC8 /* Build configuration list for PBXNativeTarget "CLSortSelectViewTests" */;
			buildPhases = (
				9568E5201C8C4A63007B5CC8 /* Sources */,
				9568E5211C8C4A63007B5CC8 /* Frameworks */,
				9568E5221C8C4A63007B5CC8 /* Resources */,
			);
			buildRules = (
			);
			dependencies = (
				9568E5261C8C4A63007B5CC8 /* PBXTargetDependency */,
			);
			name = CLSortSelectViewTests;
			productName = CLSortSelectViewTests;
			productReference = 9568E5241C8C4A63007B5CC8 /* CLSortSelectViewTests.xctest */;
			productType = "com.apple.product-type.bundle.unit-test";
		};
		9568E52E1C8C4A63007B5CC8 /* CLSortSelectViewUITests */ = {
			isa = PBXNativeTarget;
			buildConfigurationList = 9568E53E1C8C4A63007B5CC8 /* Build configuration list for PBXNativeTarget "CLSortSelectViewUITests" */;
			buildPhases = (
				9568E52B1C8C4A63007B5CC8 /* Sources */,
				9568E52C1C8C4A63007B5CC8 /* Frameworks */,
				9568E52D1C8C4A63007B5CC8 /* Resources */,
			);
			buildRules = (
			);
			dependencies = (
				9568E5311C8C4A63007B5CC8 /* PBXTargetDependency */,
			);
			name = CLSortSelectViewUITests;
			productName = CLSortSelectViewUITests;
			productReference = 9568E52F1C8C4A63007B5CC8 /* CLSortSelectViewUITests.xctest */;
			productType = "com.apple.product-type.bundle.ui-testing";
		};
/* End PBXNativeTarget section */

/* Begin PBXProject section */
		9568E5031C8C4A63007B5CC8 /* Project object */ = {
			isa = PBXProject;
			attributes = {
				LastUpgradeCheck = 0720;
				ORGANIZATIONNAME = darren;
				TargetAttributes = {
					9568E50A1C8C4A63007B5CC8 = {
						CreatedOnToolsVersion = 7.2;
					};
					9568E5231C8C4A63007B5CC8 = {
						CreatedOnToolsVersion = 7.2;
						TestTargetID = 9568E50A1C8C4A63007B5CC8;
					};
					9568E52E1C8C4A63007B5CC8 = {
						CreatedOnToolsVersion = 7.2;
						TestTargetID = 9568E50A1C8C4A63007B5CC8;
					};
				};
			};
			buildConfigurationList = 9568E5061C8C4A63007B5CC8 /* Build configuration list for PBXProject "CLSortSelectView" */;
			compatibilityVersion = "Xcode 3.2";
			developmentRegion = English;
			hasScannedForEncodings = 0;
			knownRegions = (
				en,
				Base,
			);
			mainGroup = 9568E5021C8C4A63007B5CC8;
			productRefGroup = 9568E50C1C8C4A63007B5CC8 /* Products */;
			projectDirPath = "";
			projectRoot = "";
			targets = (
				9568E50A1C8C4A63007B5CC8 /* CLSortSelectView */,
				9568E5231C8C4A63007B5CC8 /* CLSortSelectViewTests */,
				9568E52E1C8C4A63007B5CC8 /* CLSortSelectViewUITests */,
			);
		};
/* End PBXProject section */

/* Begin PBXResourcesBuildPhase section */
		9568E5091C8C4A63007B5CC8 /* Resources */ = {
			isa = PBXResourcesBuildPhase;
			buildActionMask = 2147483647;
			files = (
				95EC8E001C8C5C650071FF23 /* CLMenuSubView.xib in Resources */,
				95EC8E011C8C5C650071FF23 /* CLSortView.bundle in Resources */,
				9568E51E1C8C4A63007B5CC8 /* LaunchScreen.storyboard in Resources */,
				9568E51B1C8C4A63007B5CC8 /* Assets.xcassets in Resources */,
				9568E5191C8C4A63007B5CC8 /* Main.storyboard in Resources */,
				95EC8DFE1C8C5C650071FF23 /* CLMainSelectedView.xib in Resources */,
			);
			runOnlyForDeploymentPostprocessing = 0;
		};
		9568E5221C8C4A63007B5CC8 /* Resources */ = {
			isa = PBXResourcesBuildPhase;
			buildActionMask = 2147483647;
			files = (
			);
			runOnlyForDeploymentPostprocessing = 0;
		};
		9568E52D1C8C4A63007B5CC8 /* Resources */ = {
			isa = PBXResourcesBuildPhase;
			buildActionMask = 2147483647;
			files = (
			);
			runOnlyForDeploymentPostprocessing = 0;
		};
/* End PBXResourcesBuildPhase section */

/* Begin PBXSourcesBuildPhase section */
		9568E5071C8C4A63007B5CC8 /* Sources */ = {
			isa = PBXSourcesBuildPhase;
			buildActionMask = 2147483647;
			files = (
				9568E5161C8C4A63007B5CC8 /* ViewController.m in Sources */,
				95EC8DFF1C8C5C650071FF23 /* CLMenuSubView.m in Sources */,
				9568E5131C8C4A63007B5CC8 /* AppDelegate.m in Sources */,
				9568E5101C8C4A63007B5CC8 /* main.m in Sources */,
				95EC8DFD1C8C5C650071FF23 /* CLMainSelectedView.m in Sources */,
			);
			runOnlyForDeploymentPostprocessing = 0;
		};
		9568E5201C8C4A63007B5CC8 /* Sources */ = {
			isa = PBXSourcesBuildPhase;
			buildActionMask = 2147483647;
			files = (
				9568E5291C8C4A63007B5CC8 /* CLSortSelectViewTests.m in Sources */,
			);
			runOnlyForDeploymentPostprocessing = 0;
		};
		9568E52B1C8C4A63007B5CC8 /* Sources */ = {
			isa = PBXSourcesBuildPhase;
			buildActionMask = 2147483647;
			files = (
				9568E5341C8C4A63007B5CC8 /* CLSortSelectViewUITests.m in Sources */,
			);
			runOnlyForDeploymentPostprocessing = 0;
		};
/* End PBXSourcesBuildPhase section */

/* Begin PBXTargetDependency section */
		9568E5261C8C4A63007B5CC8 /* PBXTargetDependency */ = {
			isa = PBXTargetDependency;
			target = 9568E50A1C8C4A63007B5CC8 /* CLSortSelectView */;
			targetProxy = 9568E5251C8C4A63007B5CC8 /* PBXContainerItemProxy */;
		};
		9568E5311C8C4A63007B5CC8 /* PBXTargetDependency */ = {
			isa = PBXTargetDependency;
			target = 9568E50A1C8C4A63007B5CC8 /* CLSortSelectView */;
			targetProxy = 9568E5301C8C4A63007B5CC8 /* PBXContainerItemProxy */;
		};
/* End PBXTargetDependency section */

/* Begin PBXVariantGroup section */
		9568E5171C8C4A63007B5CC8 /* Main.storyboard */ = {
			isa = PBXVariantGroup;
			children = (
				9568E5181C8C4A63007B5CC8 /* Base */,
			);
			name = Main.storyboard;
			sourceTree = "<group>";
		};
		9568E51C1C8C4A63007B5CC8 /* LaunchScreen.storyboard */ = {
			isa = PBXVariantGroup;
			children = (
				9568E51D1C8C4A63007B5CC8 /* Base */,
			);
			name = LaunchScreen.storyboard;
			sourceTree = "<group>";
		};
/* End PBXVariantGroup section */

/* Begin XCBuildConfiguration section */
		9568E5361C8C4A63007B5CC8 /* Debug */ = {
			isa = XCBuildConfiguration;
			buildSettings = {
				ALWAYS_SEARCH_USER_PATHS = NO;
				CLANG_CXX_LANGUAGE_STANDARD = "gnu++0x";
				CLANG_CXX_LIBRARY = "libc++";
				CLANG_ENABLE_MODULES = YES;
				CLANG_ENABLE_OBJC_ARC = YES;
				CLANG_WARN_BOOL_CONVERSION = YES;
				CLANG_WARN_CONSTANT_CONVERSION = YES;
				CLANG_WARN_DIRECT_OBJC_ISA_USAGE = YES_ERROR;
				CLANG_WARN_EMPTY_BODY = YES;
				CLANG_WARN_ENUM_CONVERSION = YES;
				CLANG_WARN_INT_CONVERSION = YES;
				CLANG_WARN_OBJC_ROOT_CLASS = YES_ERROR;
				CLANG_WARN_UNREACHABLE_CODE = YES;
				CLANG_WARN__DUPLICATE_METHOD_MATCH = YES;
				"CODE_SIGN_IDENTITY[sdk=iphoneos*]" = "iPhone Developer";
				COPY_PHASE_STRIP = NO;
				DEBUG_INFORMATION_FORMAT = dwarf;
				ENABLE_STRICT_OBJC_MSGSEND = YES;
				ENABLE_TESTABILITY = YES;
				GCC_C_LANGUAGE_STANDARD = gnu99;
				GCC_DYNAMIC_NO_PIC = NO;
				GCC_NO_COMMON_BLOCKS = YES;
				GCC_OPTIMIZATION_LEVEL = 0;
				GCC_PREPROCESSOR_DEFINITIONS = (
					"DEBUG=1",
					"$(inherited)",
				);
				GCC_WARN_64_TO_32_BIT_CONVERSION = YES;
				GCC_WARN_ABOUT_RETURN_TYPE = YES_ERROR;
				GCC_WARN_UNDECLARED_SELECTOR = YES;
				GCC_WARN_UNINITIALIZED_AUTOS = YES_AGGRESSIVE;
				GCC_WARN_UNUSED_FUNCTION = YES;
				GCC_WARN_UNUSED_VARIABLE = YES;
				IPHONEOS_DEPLOYMENT_TARGET = 9.2;
				MTL_ENABLE_DEBUG_INFO = YES;
				ONLY_ACTIVE_ARCH = YES;
				SDKROOT = iphoneos;
			};
			name = Debug;
		};
		9568E5371C8C4A63007B5CC8 /* Release */ = {
			isa = XCBuildConfiguration;
			buildSettings = {
				ALWAYS_SEARCH_USER_PATHS = NO;
				CLANG_CXX_LANGUAGE_STANDARD = "gnu++0x";
				CLANG_CXX_LIBRARY = "libc++";
				CLANG_ENABLE_MODULES = YES;
				CLANG_ENABLE_OBJC_ARC = YES;
				CLANG_WARN_BOOL_CONVERSION = YES;
				CLANG_WARN_CONSTANT_CONVERSION = YES;
				CLANG_WARN_DIRECT_OBJC_ISA_USAGE = YES_ERROR;
				CLANG_WARN_EMPTY_BODY = YES;
				CLANG_WARN_ENUM_CONVERSION = YES;
				CLANG_WARN_INT_CONVERSION = YES;
				CLANG_WARN_OBJC_ROOT_CLASS = YES_ERROR;
				CLANG_WARN_UNREACHABLE_CODE = YES;
				CLANG_WARN__DUPLICATE_METHOD_MATCH = YES;
				"CODE_SIGN_IDENTITY[sdk=iphoneos*]" = "iPhone Developer";
				COPY_PHASE_STRIP = NO;
				DEBUG_INFORMATION_FORMAT = "dwarf-with-dsym";
				ENABLE_NS_ASSERTIONS = NO;
				ENABLE_STRICT_OBJC_MSGSEND = YES;
				GCC_C_LANGUAGE_STANDARD = gnu99;
				GCC_NO_COMMON_BLOCKS = YES;
				GCC_WARN_64_TO_32_BIT_CONVERSION = YES;
				GCC_WARN_ABOUT_RETURN_TYPE = YES_ERROR;
				GCC_WARN_UNDECLARED_SELECTOR = YES;
				GCC_WARN_UNINITIALIZED_AUTOS = YES_AGGRESSIVE;
				GCC_WARN_UNUSED_FUNCTION = YES;
				GCC_WARN_UNUSED_VARIABLE = YES;
				IPHONEOS_DEPLOYMENT_TARGET = 9.2;
				MTL_ENABLE_DEBUG_INFO = NO;
				SDKROOT = iphoneos;
				VALIDATE_PRODUCT = YES;
			};
			name = Release;
		};
		9568E5391C8C4A63007B5CC8 /* Debug */ = {
			isa = XCBuildConfiguration;
			buildSettings = {
				ASSETCATALOG_COMPILER_APPICON_NAME = AppIcon;
				INFOPLIST_FILE = CLSortSelectView/Info.plist;
				LD_RUNPATH_SEARCH_PATHS = "$(inherited) @executable_path/Frameworks";
				PRODUCT_BUNDLE_IDENTIFIER = com.darren.CLSortSelectView;
				PRODUCT_NAME = "$(TARGET_NAME)";
			};
			name = Debug;
		};
		9568E53A1C8C4A63007B5CC8 /* Release */ = {
			isa = XCBuildConfiguration;
			buildSettings = {
				ASSETCATALOG_COMPILER_APPICON_NAME = AppIcon;
				INFOPLIST_FILE = CLSortSelectView/Info.plist;
				LD_RUNPATH_SEARCH_PATHS = "$(inherited) @executable_path/Frameworks";
				PRODUCT_BUNDLE_IDENTIFIER = com.darren.CLSortSelectView;
				PRODUCT_NAME = "$(TARGET_NAME)";
			};
			name = Release;
		};
		9568E53C1C8C4A63007B5CC8 /* Debug */ = {
			isa = XCBuildConfiguration;
			buildSettings = {
				BUNDLE_LOADER = "$(TEST_HOST)";
				INFOPLIST_FILE = CLSortSelectViewTests/Info.plist;
				LD_RUNPATH_SEARCH_PATHS = "$(inherited) @executable_path/Frameworks @loader_path/Frameworks";
				PRODUCT_BUNDLE_IDENTIFIER = com.darren.CLSortSelectViewTests;
				PRODUCT_NAME = "$(TARGET_NAME)";
				TEST_HOST = "$(BUILT_PRODUCTS_DIR)/CLSortSelectView.app/CLSortSelectView";
			};
			name = Debug;
		};
		9568E53D1C8C4A63007B5CC8 /* Release */ = {
			isa = XCBuildConfiguration;
			buildSettings = {
				BUNDLE_LOADER = "$(TEST_HOST)";
				INFOPLIST_FILE = CLSortSelectViewTests/Info.plist;
				LD_RUNPATH_SEARCH_PATHS = "$(inherited) @executable_path/Frameworks @loader_path/Frameworks";
				PRODUCT_BUNDLE_IDENTIFIER = com.darren.CLSortSelectViewTests;
				PRODUCT_NAME = "$(TARGET_NAME)";
				TEST_HOST = "$(BUILT_PRODUCTS_DIR)/CLSortSelectView.app/CLSortSelectView";
			};
			name = Release;
		};
		9568E53F1C8C4A63007B5CC8 /* Debug */ = {
			isa = XCBuildConfiguration;
			buildSettings = {
				INFOPLIST_FILE = CLSortSelectViewUITests/Info.plist;
				LD_RUNPATH_SEARCH_PATHS = "$(inherited) @executable_path/Frameworks @loader_path/Frameworks";
				PRODUCT_BUNDLE_IDENTIFIER = com.darren.CLSortSelectViewUITests;
				PRODUCT_NAME = "$(TARGET_NAME)";
				TEST_TARGET_NAME = CLSortSelectView;
				USES_XCTRUNNER = YES;
			};
			name = Debug;
		};
		9568E5401C8C4A63007B5CC8 /* Release */ = {
			isa = XCBuildConfiguration;
			buildSettings = {
				INFOPLIST_FILE = CLSortSelectViewUITests/Info.plist;
				LD_RUNPATH_SEARCH_PATHS = "$(inherited) @executable_path/Frameworks @loader_path/Frameworks";
				PRODUCT_BUNDLE_IDENTIFIER = com.darren.CLSortSelectViewUITests;
				PRODUCT_NAME = "$(TARGET_NAME)";
				TEST_TARGET_NAME = CLSortSelectView;
				USES_XCTRUNNER = YES;
			};
			name = Release;
		};
/* End XCBuildConfiguration section */

/* Begin XCConfigurationList section */
		9568E5061C8C4A63007B5CC8 /* Build configuration list for PBXProject "CLSortSelectView" */ = {
			isa = XCConfigurationList;
			buildConfigurations = (
				9568E5361C8C4A63007B5CC8 /* Debug */,
				9568E5371C8C4A63007B5CC8 /* Release */,
			);
			defaultConfigurationIsVisible = 0;
			defaultConfigurationName = Release;
		};
		9568E5381C8C4A63007B5CC8 /* Build configuration list for PBXNativeTarget "CLSortSelectView" */ = {
			isa = XCConfigurationList;
			buildConfigurations = (
				9568E5391C8C4A63007B5CC8 /* Debug */,
				9568E53A1C8C4A63007B5CC8 /* Release */,
			);
			defaultConfigurationIsVisible = 0;
			defaultConfigurationName = Release;
		};
		9568E53B1C8C4A63007B5CC8 /* Build configuration list for PBXNativeTarget "CLSortSelectViewTests" */ = {
			isa = XCConfigurationList;
			buildConfigurations = (
				9568E53C1C8C4A63007B5CC8 /* Debug */,
				9568E53D1C8C4A63007B5CC8 /* Release */,
			);
			defaultConfigurationIsVisible = 0;
			defaultConfigurationName = Release;
		};
		9568E53E1C8C4A63007B5CC8 /* Build configuration list for PBXNativeTarget "CLSortSelectViewUITests" */ = {
			isa = XCConfigurationList;
			buildConfigurations = (
				9568E53F1C8C4A63007B5CC8 /* Debug */,
				9568E5401C8C4A63007B5CC8 /* Release */,
			);
			defaultConfigurationIsVisible = 0;
			defaultConfigurationName = Release;
		};
/* End XCConfigurationList section */
	};
	rootObject = 9568E5031C8C4A63007B5CC8 /* Project object */;
}
